
Microsoft Visual Studio Solution File, Format Version 12.00
# Visual Studio Version 16
VisualStudioVersion = 16.0.29920.165
MinimumVisualStudioVersion = 10.0.40219.1
Project("{FAE04EC0-301F-11D3-BF4B-00C04F79EFBC}") = "DotNetCoreApiAuthenticationWithJWT", "DotNetCoreApiAuthenticationWithJWT\DotNetCoreApiAuthenticationWithJWT.csproj", "{D17D6549-4425-4378-97A0-7660226DD517}"
EndProject
Global
	GlobalSection(SolutionConfigurationPlatforms) = preSolution
		Debug|Any CPU = Debug|Any CPU
		Release|Any CPU = Release|Any CPU
	EndGlobalSection
	GlobalSection(ProjectConfigurationPlatforms) = postSolution
		{D17D6549-4425-4378-97A0-7660226DD517}.Debug|Any CPU.ActiveCfg = Debug|Any CPU
		{D17D6549-4425-4378-97A0-7660226DD517}.Debug|Any CPU.Build.0 = Debug|Any CPU
		{D17D6549-4425-4378-97A0-7660226DD517}.Release|Any CPU.ActiveCfg = Release|Any CPU
		{D17D6549-4425-4378-97A0-7660226DD517}.Release|Any CPU.Build.0 = Release|Any CPU
	EndGlobalSection
	GlobalSection(SolutionProperties) = preSolution
		HideSolutionNode = FALSE
	EndGlobalSection
	GlobalSection(ExtensibilityGlobals) = postSolution
		SolutionGuid = {03F07365-20C1-4A40-A060-4EB43CD5BBC0}
	EndGlobalSection
EndGlobal
